
Microsoft Visual Studio Solution File, Format Version 12.00
# Visual Studio Version 16
VisualStudioVersion = 16.0.31019.35
MinimumVisualStudioVersion = 10.0.40219.1
Project("{9A19103F-16F7-4668-BE54-9A1E7A4F7556}") = "SageraLoans.UI", "SageraLoans.UI\SageraLoans.UI.csproj", "{4F5E12C9-8D0C-48CC-9A0F-D3CAB0FF1DF2}"
EndProject
Project("{9A19103F-16F7-4668-BE54-9A1E7A4F7556}") = "SageraLoans.Models", "SageraLoans.Models\SageraLoans.Models.csproj", "{BB37C129-791C-4A43-92B5-B8EBAB743FF4}"
EndProject
Project("{9A19103F-16F7-4668-BE54-9A1E7A4F7556}") = "SageraLoans.Core", "SageraLoans.Core\SageraLoans.Core.csproj", "{3061CF3D-FC40-41E1-8870-590C303AA1FF}"
EndProject
Project("{9A19103F-16F7-4668-BE54-9A1E7A4F7556}") = "SageraLoans.Data", "SageraLoans.Data\SageraLoans.Data.csproj", "{C079B8F8-A2D2-4993-B7FD-2536A4F0AF84}"
EndProject
Project("{9A19103F-16F7-4668-BE54-9A1E7A4F7556}") = "SageraLoans.Core.Tests", "SageraLoans.Core.Tests\SageraLoans.Core.Tests.csproj", "{53164494-507B-4B9F-A683-B865B1086624}"
EndProject
Global
	GlobalSection(SolutionConfigurationPlatforms) = preSolution
		Debug|Any CPU = Debug|Any CPU
		Release|Any CPU = Release|Any CPU
	EndGlobalSection
	GlobalSection(ProjectConfigurationPlatforms) = postSolution
		{4F5E12C9-8D0C-48CC-9A0F-D3CAB0FF1DF2}.Debug|Any CPU.ActiveCfg = Debug|Any CPU
		{4F5E12C9-8D0C-48CC-9A0F-D3CAB0FF1DF2}.Debug|Any CPU.Build.0 = Debug|Any CPU
		{4F5E12C9-8D0C-48CC-9A0F-D3CAB0FF1DF2}.Release|Any CPU.ActiveCfg = Release|Any CPU
		{4F5E12C9-8D0C-48CC-9A0F-D3CAB0FF1DF2}.Release|Any CPU.Build.0 = Release|Any CPU
		{BB37C129-791C-4A43-92B5-B8EBAB743FF4}.Debug|Any CPU.ActiveCfg = Debug|Any CPU
		{BB37C129-791C-4A43-92B5-B8EBAB743FF4}.Debug|Any CPU.Build.0 = Debug|Any CPU
		{BB37C129-791C-4A43-92B5-B8EBAB743FF4}.Release|Any CPU.ActiveCfg = Release|Any CPU
		{BB37C129-791C-4A43-92B5-B8EBAB743FF4}.Release|Any CPU.Build.0 = Release|Any CPU
		{3061CF3D-FC40-41E1-8870-590C303AA1FF}.Debug|Any CPU.ActiveCfg = Debug|Any CPU
		{3061CF3D-FC40-41E1-8870-590C303AA1FF}.Debug|Any CPU.Build.0 = Debug|Any CPU
		{3061CF3D-FC40-41E1-8870-590C303AA1FF}.Release|Any CPU.ActiveCfg = Release|Any CPU
		{3061CF3D-FC40-41E1-8870-590C303AA1FF}.Release|Any CPU.Build.0 = Release|Any CPU
		{C079B8F8-A2D2-4993-B7FD-2536A4F0AF84}.Debug|Any CPU.ActiveCfg = Debug|Any CPU
		{C079B8F8-A2D2-4993-B7FD-2536A4F0AF84}.Debug|Any CPU.Build.0 = Debug|Any CPU
		{C079B8F8-A2D2-4993-B7FD-2536A4F0AF84}.Release|Any CPU.ActiveCfg = Release|Any CPU
		{C079B8F8-A2D2-4993-B7FD-2536A4F0AF84}.Release|Any CPU.Build.0 = Release|Any CPU
		{53164494-507B-4B9F-A683-B865B1086624}.Debug|Any CPU.ActiveCfg = Debug|Any CPU
		{53164494-507B-4B9F-A683-B865B1086624}.Debug|Any CPU.Build.0 = Debug|Any CPU
		{53164494-507B-4B9F-A683-B865B1086624}.Release|Any CPU.ActiveCfg = Release|Any CPU
		{53164494-507B-4B9F-A683-B865B1086624}.Release|Any CPU.Build.0 = Release|Any CPU
	EndGlobalSection
	GlobalSection(SolutionProperties) = preSolution
		HideSolutionNode = FALSE
	EndGlobalSection
	GlobalSection(ExtensibilityGlobals) = postSolution
		SolutionGuid = {B7B9BBB9-C58B-44C4-BA15-FD6E1BFD430C}
	EndGlobalSection
EndGlobal
